
Microsoft Visual Studio Solution File, Format Version 12.00
# Visual Studio Version 17
VisualStudioVersion = 17.3.32825.248
MinimumVisualStudioVersion = 10.0.40219.1
Project("{FAE04EC0-301F-11D3-BF4B-00C04F79EFBC}") = "Sampler", "Sampler\Sampler.csproj", "{C0EE141D-3AE2-49A4-BD91-8C598ADC278C}"
EndProject
Project("{FAE04EC0-301F-11D3-BF4B-00C04F79EFBC}") = "Sampler.Tests", "Sampler.Tests\Sampler.Tests.csproj", "{36D3A852-5954-4E20-ABE4-23659D75563D}"
EndProject
Global
	GlobalSection(SolutionConfigurationPlatforms) = preSolution
		Debug|Any CPU = Debug|Any CPU
		Release|Any CPU = Release|Any CPU
	EndGlobalSection
	GlobalSection(ProjectConfigurationPlatforms) = postSolution
		{C0EE141D-3AE2-49A4-BD91-8C598ADC278C}.Debug|Any CPU.ActiveCfg = Debug|Any CPU
		{C0EE141D-3AE2-49A4-BD91-8C598ADC278C}.Debug|Any CPU.Build.0 = Debug|Any CPU
		{C0EE141D-3AE2-49A4-BD91-8C598ADC278C}.Release|Any CPU.ActiveCfg = Release|Any CPU
		{C0EE141D-3AE2-49A4-BD91-8C598ADC278C}.Release|Any CPU.Build.0 = Release|Any CPU
		{36D3A852-5954-4E20-ABE4-23659D75563D}.Debug|Any CPU.ActiveCfg = Debug|Any CPU
		{36D3A852-5954-4E20-ABE4-23659D75563D}.Debug|Any CPU.Build.0 = Debug|Any CPU
		{36D3A852-5954-4E20-ABE4-23659D75563D}.Release|Any CPU.ActiveCfg = Release|Any CPU
		{36D3A852-5954-4E20-ABE4-23659D75563D}.Release|Any CPU.Build.0 = Release|Any CPU
	EndGlobalSection
	GlobalSection(SolutionProperties) = preSolution
		HideSolutionNode = FALSE
	EndGlobalSection
	GlobalSection(ExtensibilityGlobals) = postSolution
		SolutionGuid = {2F84B8CA-FF50-49C2-BD9D-CE9237A38817}
	EndGlobalSection
EndGlobal
